
Microsoft Visual Studio Solution File, Format Version 12.00
# Visual Studio 14
VisualStudioVersion = 14.0.25420.1
MinimumVisualStudioVersion = 10.0.40219.1
Project("{FAE04EC0-301F-11D3-BF4B-00C04F79EFBC}") = "SinoTheWalker", "SinoTheWalker\SinoTheWalker.csproj", "{9191364B-B928-496C-ABC6-750FF8B903FD}"
EndProject
Project("{FAE04EC0-301F-11D3-BF4B-00C04F79EFBC}") = "SoftUniKaraoke", "SoftUniKaraoke\SoftUniKaraoke.csproj", "{8387BDC4-5B81-4B2A-8B0A-C68892962140}"
EndProject
Project("{FAE04EC0-301F-11D3-BF4B-00C04F79EFBC}") = "EnduranceRally", "EnduranceRally\EnduranceRally.csproj", "{5E2066C5-A6E0-4084-831F-9142B2552407}"
EndProject
Project("{FAE04EC0-301F-11D3-BF4B-00C04F79EFBC}") = "WinningTicket", "WinningTicket\WinningTicket.csproj", "{99C5FEF3-9C5B-41A6-A029-2DC9E188BC75}"
EndProject
Global
	GlobalSection(SolutionConfigurationPlatforms) = preSolution
		Debug|Any CPU = Debug|Any CPU
		Release|Any CPU = Release|Any CPU
	EndGlobalSection
	GlobalSection(ProjectConfigurationPlatforms) = postSolution
		{9191364B-B928-496C-ABC6-750FF8B903FD}.Debug|Any CPU.ActiveCfg = Debug|Any CPU
		{9191364B-B928-496C-ABC6-750FF8B903FD}.Debug|Any CPU.Build.0 = Debug|Any CPU
		{9191364B-B928-496C-ABC6-750FF8B903FD}.Release|Any CPU.ActiveCfg = Release|Any CPU
		{9191364B-B928-496C-ABC6-750FF8B903FD}.Release|Any CPU.Build.0 = Release|Any CPU
		{8387BDC4-5B81-4B2A-8B0A-C68892962140}.Debug|Any CPU.ActiveCfg = Debug|Any CPU
		{8387BDC4-5B81-4B2A-8B0A-C68892962140}.Debug|Any CPU.Build.0 = Debug|Any CPU
		{8387BDC4-5B81-4B2A-8B0A-C68892962140}.Release|Any CPU.ActiveCfg = Release|Any CPU
		{8387BDC4-5B81-4B2A-8B0A-C68892962140}.Release|Any CPU.Build.0 = Release|Any CPU
		{5E2066C5-A6E0-4084-831F-9142B2552407}.Debug|Any CPU.ActiveCfg = Debug|Any CPU
		{5E2066C5-A6E0-4084-831F-9142B2552407}.Debug|Any CPU.Build.0 = Debug|Any CPU
		{5E2066C5-A6E0-4084-831F-9142B2552407}.Release|Any CPU.ActiveCfg = Release|Any CPU
		{5E2066C5-A6E0-4084-831F-9142B2552407}.Release|Any CPU.Build.0 = Release|Any CPU
		{99C5FEF3-9C5B-41A6-A029-2DC9E188BC75}.Debug|Any CPU.ActiveCfg = Debug|Any CPU
		{99C5FEF3-9C5B-41A6-A029-2DC9E188BC75}.Debug|Any CPU.Build.0 = Debug|Any CPU
		{99C5FEF3-9C5B-41A6-A029-2DC9E188BC75}.Release|Any CPU.ActiveCfg = Release|Any CPU
		{99C5FEF3-9C5B-41A6-A029-2DC9E188BC75}.Release|Any CPU.Build.0 = Release|Any CPU
	EndGlobalSection
	GlobalSection(SolutionProperties) = preSolution
		HideSolutionNode = FALSE
	EndGlobalSection
EndGlobal
