
Microsoft Visual Studio Solution File, Format Version 12.00
# Visual Studio 14
VisualStudioVersion = 14.0.25420.1
MinimumVisualStudioVersion = 10.0.40219.1
Project("{FAE04EC0-301F-11D3-BF4B-00C04F79EFBC}") = "HungryGarfield", "HungryGarfield\HungryGarfield.csproj", "{21B40EBD-A569-4926-9E5F-CB0CF97C4072}"
EndProject
Project("{FAE04EC0-301F-11D3-BF4B-00C04F79EFBC}") = "EncodedAnswers", "EncodedAnswers\EncodedAnswers.csproj", "{088C70E9-24EB-4778-A276-72919CC06EC3}"
EndProject
Project("{FAE04EC0-301F-11D3-BF4B-00C04F79EFBC}") = "FallenInLove", "FallenInLove\FallenInLove.csproj", "{1B608282-EC33-4873-A682-EB6A7826BD42}"
EndProject
Project("{FAE04EC0-301F-11D3-BF4B-00C04F79EFBC}") = "PassionDays", "PassionDays\PassionDays.csproj", "{A6BBD2EC-4193-4648-BB76-C82426ECADE7}"
EndProject
Project("{FAE04EC0-301F-11D3-BF4B-00C04F79EFBC}") = "SaltAndPepper", "SaltAndPepper\SaltAndPepper.csproj", "{FA75CB56-D89A-4090-B97F-BFCD9C6E18CE}"
EndProject
Global
	GlobalSection(SolutionConfigurationPlatforms) = preSolution
		Debug|Any CPU = Debug|Any CPU
		Release|Any CPU = Release|Any CPU
	EndGlobalSection
	GlobalSection(ProjectConfigurationPlatforms) = postSolution
		{21B40EBD-A569-4926-9E5F-CB0CF97C4072}.Debug|Any CPU.ActiveCfg = Debug|Any CPU
		{21B40EBD-A569-4926-9E5F-CB0CF97C4072}.Debug|Any CPU.Build.0 = Debug|Any CPU
		{21B40EBD-A569-4926-9E5F-CB0CF97C4072}.Release|Any CPU.ActiveCfg = Release|Any CPU
		{21B40EBD-A569-4926-9E5F-CB0CF97C4072}.Release|Any CPU.Build.0 = Release|Any CPU
		{088C70E9-24EB-4778-A276-72919CC06EC3}.Debug|Any CPU.ActiveCfg = Debug|Any CPU
		{088C70E9-24EB-4778-A276-72919CC06EC3}.Debug|Any CPU.Build.0 = Debug|Any CPU
		{088C70E9-24EB-4778-A276-72919CC06EC3}.Release|Any CPU.ActiveCfg = Release|Any CPU
		{088C70E9-24EB-4778-A276-72919CC06EC3}.Release|Any CPU.Build.0 = Release|Any CPU
		{1B608282-EC33-4873-A682-EB6A7826BD42}.Debug|Any CPU.ActiveCfg = Debug|Any CPU
		{1B608282-EC33-4873-A682-EB6A7826BD42}.Debug|Any CPU.Build.0 = Debug|Any CPU
		{1B608282-EC33-4873-A682-EB6A7826BD42}.Release|Any CPU.ActiveCfg = Release|Any CPU
		{1B608282-EC33-4873-A682-EB6A7826BD42}.Release|Any CPU.Build.0 = Release|Any CPU
		{A6BBD2EC-4193-4648-BB76-C82426ECADE7}.Debug|Any CPU.ActiveCfg = Debug|Any CPU
		{A6BBD2EC-4193-4648-BB76-C82426ECADE7}.Debug|Any CPU.Build.0 = Debug|Any CPU
		{A6BBD2EC-4193-4648-BB76-C82426ECADE7}.Release|Any CPU.ActiveCfg = Release|Any CPU
		{A6BBD2EC-4193-4648-BB76-C82426ECADE7}.Release|Any CPU.Build.0 = Release|Any CPU
		{FA75CB56-D89A-4090-B97F-BFCD9C6E18CE}.Debug|Any CPU.ActiveCfg = Debug|Any CPU
		{FA75CB56-D89A-4090-B97F-BFCD9C6E18CE}.Debug|Any CPU.Build.0 = Debug|Any CPU
		{FA75CB56-D89A-4090-B97F-BFCD9C6E18CE}.Release|Any CPU.ActiveCfg = Release|Any CPU
		{FA75CB56-D89A-4090-B97F-BFCD9C6E18CE}.Release|Any CPU.Build.0 = Release|Any CPU
	EndGlobalSection
	GlobalSection(SolutionProperties) = preSolution
		HideSolutionNode = FALSE
	EndGlobalSection
EndGlobal
