
Microsoft Visual Studio Solution File, Format Version 12.00
# Visual Studio 14
VisualStudioVersion = 14.0.25420.1
MinimumVisualStudioVersion = 10.0.40219.1
Project("{FAE04EC0-301F-11D3-BF4B-00C04F79EFBC}") = "GrapeAndRakia", "GrapeAndRakia\GrapeAndRakia.csproj", "{462A40FB-DED0-4C23-9CE1-056B98626C2B}"
EndProject
Project("{FAE04EC0-301F-11D3-BF4B-00C04F79EFBC}") = "Styrofoam", "Styrofoam\Styrofoam.csproj", "{1B45D2C2-CF7D-4D4E-8584-FE0AC557FDC8}"
EndProject
Project("{FAE04EC0-301F-11D3-BF4B-00C04F79EFBC}") = "TruckDriver", "TruckDriver\TruckDriver.csproj", "{345236C0-C7E4-4906-ACBD-D0AFE16B51A9}"
EndProject
Project("{FAE04EC0-301F-11D3-BF4B-00C04F79EFBC}") = "Bills", "Bill\Bills.csproj", "{CC7B386D-A2CA-43B3-90B9-E4C19C2791F4}"
EndProject
Project("{FAE04EC0-301F-11D3-BF4B-00C04F79EFBC}") = "Parallelepiped", "Parallelepiped\Parallelepiped.csproj", "{A9E4AB85-F248-4243-8BD7-56CCBCD90CFF}"
EndProject
Project("{FAE04EC0-301F-11D3-BF4B-00C04F79EFBC}") = "ControlNumber", "ControlNumber\ControlNumber.csproj", "{3C172E28-2A1A-40FA-81D3-FFA1FAAB33E3}"
EndProject
Global
	GlobalSection(SolutionConfigurationPlatforms) = preSolution
		Debug|Any CPU = Debug|Any CPU
		Release|Any CPU = Release|Any CPU
	EndGlobalSection
	GlobalSection(ProjectConfigurationPlatforms) = postSolution
		{462A40FB-DED0-4C23-9CE1-056B98626C2B}.Debug|Any CPU.ActiveCfg = Debug|Any CPU
		{462A40FB-DED0-4C23-9CE1-056B98626C2B}.Debug|Any CPU.Build.0 = Debug|Any CPU
		{462A40FB-DED0-4C23-9CE1-056B98626C2B}.Release|Any CPU.ActiveCfg = Release|Any CPU
		{462A40FB-DED0-4C23-9CE1-056B98626C2B}.Release|Any CPU.Build.0 = Release|Any CPU
		{1B45D2C2-CF7D-4D4E-8584-FE0AC557FDC8}.Debug|Any CPU.ActiveCfg = Debug|Any CPU
		{1B45D2C2-CF7D-4D4E-8584-FE0AC557FDC8}.Debug|Any CPU.Build.0 = Debug|Any CPU
		{1B45D2C2-CF7D-4D4E-8584-FE0AC557FDC8}.Release|Any CPU.ActiveCfg = Release|Any CPU
		{1B45D2C2-CF7D-4D4E-8584-FE0AC557FDC8}.Release|Any CPU.Build.0 = Release|Any CPU
		{345236C0-C7E4-4906-ACBD-D0AFE16B51A9}.Debug|Any CPU.ActiveCfg = Debug|Any CPU
		{345236C0-C7E4-4906-ACBD-D0AFE16B51A9}.Debug|Any CPU.Build.0 = Debug|Any CPU
		{345236C0-C7E4-4906-ACBD-D0AFE16B51A9}.Release|Any CPU.ActiveCfg = Release|Any CPU
		{345236C0-C7E4-4906-ACBD-D0AFE16B51A9}.Release|Any CPU.Build.0 = Release|Any CPU
		{CC7B386D-A2CA-43B3-90B9-E4C19C2791F4}.Debug|Any CPU.ActiveCfg = Debug|Any CPU
		{CC7B386D-A2CA-43B3-90B9-E4C19C2791F4}.Debug|Any CPU.Build.0 = Debug|Any CPU
		{CC7B386D-A2CA-43B3-90B9-E4C19C2791F4}.Release|Any CPU.ActiveCfg = Release|Any CPU
		{CC7B386D-A2CA-43B3-90B9-E4C19C2791F4}.Release|Any CPU.Build.0 = Release|Any CPU
		{A9E4AB85-F248-4243-8BD7-56CCBCD90CFF}.Debug|Any CPU.ActiveCfg = Debug|Any CPU
		{A9E4AB85-F248-4243-8BD7-56CCBCD90CFF}.Debug|Any CPU.Build.0 = Debug|Any CPU
		{A9E4AB85-F248-4243-8BD7-56CCBCD90CFF}.Release|Any CPU.ActiveCfg = Release|Any CPU
		{A9E4AB85-F248-4243-8BD7-56CCBCD90CFF}.Release|Any CPU.Build.0 = Release|Any CPU
		{3C172E28-2A1A-40FA-81D3-FFA1FAAB33E3}.Debug|Any CPU.ActiveCfg = Debug|Any CPU
		{3C172E28-2A1A-40FA-81D3-FFA1FAAB33E3}.Debug|Any CPU.Build.0 = Debug|Any CPU
		{3C172E28-2A1A-40FA-81D3-FFA1FAAB33E3}.Release|Any CPU.ActiveCfg = Release|Any CPU
		{3C172E28-2A1A-40FA-81D3-FFA1FAAB33E3}.Release|Any CPU.Build.0 = Release|Any CPU
	EndGlobalSection
	GlobalSection(SolutionProperties) = preSolution
		HideSolutionNode = FALSE
	EndGlobalSection
EndGlobal
