
Microsoft Visual Studio Solution File, Format Version 12.00
# Visual Studio 14
VisualStudioVersion = 14.0.25420.1
MinimumVisualStudioVersion = 10.0.40219.1
Project("{FAE04EC0-301F-11D3-BF4B-00C04F79EFBC}") = "MaxSequenceOfEqualElements", "MaxSequenceOfEqualElements\MaxSequenceOfEqualElements.csproj", "{41F570A6-FD55-4DE9-9BC2-B6FF4CBD2F21}"
EndProject
Project("{FAE04EC0-301F-11D3-BF4B-00C04F79EFBC}") = "ChangeList", "ChangeList\ChangeList.csproj", "{E00ACEF2-3FE5-4DBB-81C5-DCA855D9C2D7}"
EndProject
Project("{FAE04EC0-301F-11D3-BF4B-00C04F79EFBC}") = "SearchForANumber", "SearchForANumber\SearchForANumber.csproj", "{87CA557F-57F3-489B-90C5-3207EBE8BB78}"
EndProject
Project("{FAE04EC0-301F-11D3-BF4B-00C04F79EFBC}") = "SumReversedNumbers", "SumReversedNumbers\SumReversedNumbers.csproj", "{5E13A8C5-E5EB-4BAB-AE38-C2C703038F18}"
EndProject
Project("{FAE04EC0-301F-11D3-BF4B-00C04F79EFBC}") = "BombNumbers", "BombNumbers\BombNumbers.csproj", "{77D4A0C8-6D54-45FA-8C67-790EBCE59A1F}"
EndProject
Project("{FAE04EC0-301F-11D3-BF4B-00C04F79EFBC}") = "ArrayManipulator", "ArrayManipulator\ArrayManipulator.csproj", "{F9536EA9-CA22-41D3-A2E7-3F07498780B7}"
EndProject
Project("{FAE04EC0-301F-11D3-BF4B-00C04F79EFBC}") = "LongestIncreasingSubsequence", "LongestIncreasingSubsequence\LongestIncreasingSubsequence.csproj", "{9B8F6CA0-38F6-49AD-B415-67B0531EEC9B}"
EndProject
Global
	GlobalSection(SolutionConfigurationPlatforms) = preSolution
		Debug|Any CPU = Debug|Any CPU
		Release|Any CPU = Release|Any CPU
	EndGlobalSection
	GlobalSection(ProjectConfigurationPlatforms) = postSolution
		{41F570A6-FD55-4DE9-9BC2-B6FF4CBD2F21}.Debug|Any CPU.ActiveCfg = Debug|Any CPU
		{41F570A6-FD55-4DE9-9BC2-B6FF4CBD2F21}.Debug|Any CPU.Build.0 = Debug|Any CPU
		{41F570A6-FD55-4DE9-9BC2-B6FF4CBD2F21}.Release|Any CPU.ActiveCfg = Release|Any CPU
		{41F570A6-FD55-4DE9-9BC2-B6FF4CBD2F21}.Release|Any CPU.Build.0 = Release|Any CPU
		{E00ACEF2-3FE5-4DBB-81C5-DCA855D9C2D7}.Debug|Any CPU.ActiveCfg = Debug|Any CPU
		{E00ACEF2-3FE5-4DBB-81C5-DCA855D9C2D7}.Debug|Any CPU.Build.0 = Debug|Any CPU
		{E00ACEF2-3FE5-4DBB-81C5-DCA855D9C2D7}.Release|Any CPU.ActiveCfg = Release|Any CPU
		{E00ACEF2-3FE5-4DBB-81C5-DCA855D9C2D7}.Release|Any CPU.Build.0 = Release|Any CPU
		{87CA557F-57F3-489B-90C5-3207EBE8BB78}.Debug|Any CPU.ActiveCfg = Debug|Any CPU
		{87CA557F-57F3-489B-90C5-3207EBE8BB78}.Debug|Any CPU.Build.0 = Debug|Any CPU
		{87CA557F-57F3-489B-90C5-3207EBE8BB78}.Release|Any CPU.ActiveCfg = Release|Any CPU
		{87CA557F-57F3-489B-90C5-3207EBE8BB78}.Release|Any CPU.Build.0 = Release|Any CPU
		{5E13A8C5-E5EB-4BAB-AE38-C2C703038F18}.Debug|Any CPU.ActiveCfg = Debug|Any CPU
		{5E13A8C5-E5EB-4BAB-AE38-C2C703038F18}.Debug|Any CPU.Build.0 = Debug|Any CPU
		{5E13A8C5-E5EB-4BAB-AE38-C2C703038F18}.Release|Any CPU.ActiveCfg = Release|Any CPU
		{5E13A8C5-E5EB-4BAB-AE38-C2C703038F18}.Release|Any CPU.Build.0 = Release|Any CPU
		{77D4A0C8-6D54-45FA-8C67-790EBCE59A1F}.Debug|Any CPU.ActiveCfg = Debug|Any CPU
		{77D4A0C8-6D54-45FA-8C67-790EBCE59A1F}.Debug|Any CPU.Build.0 = Debug|Any CPU
		{77D4A0C8-6D54-45FA-8C67-790EBCE59A1F}.Release|Any CPU.ActiveCfg = Release|Any CPU
		{77D4A0C8-6D54-45FA-8C67-790EBCE59A1F}.Release|Any CPU.Build.0 = Release|Any CPU
		{F9536EA9-CA22-41D3-A2E7-3F07498780B7}.Debug|Any CPU.ActiveCfg = Debug|Any CPU
		{F9536EA9-CA22-41D3-A2E7-3F07498780B7}.Debug|Any CPU.Build.0 = Debug|Any CPU
		{F9536EA9-CA22-41D3-A2E7-3F07498780B7}.Release|Any CPU.ActiveCfg = Release|Any CPU
		{F9536EA9-CA22-41D3-A2E7-3F07498780B7}.Release|Any CPU.Build.0 = Release|Any CPU
		{9B8F6CA0-38F6-49AD-B415-67B0531EEC9B}.Debug|Any CPU.ActiveCfg = Debug|Any CPU
		{9B8F6CA0-38F6-49AD-B415-67B0531EEC9B}.Debug|Any CPU.Build.0 = Debug|Any CPU
		{9B8F6CA0-38F6-49AD-B415-67B0531EEC9B}.Release|Any CPU.ActiveCfg = Release|Any CPU
		{9B8F6CA0-38F6-49AD-B415-67B0531EEC9B}.Release|Any CPU.Build.0 = Release|Any CPU
	EndGlobalSection
	GlobalSection(SolutionProperties) = preSolution
		HideSolutionNode = FALSE
	EndGlobalSection
EndGlobal
