
Microsoft Visual Studio Solution File, Format Version 12.00
# Visual Studio 14
VisualStudioVersion = 14.0.25420.1
MinimumVisualStudioVersion = 10.0.40219.1
Project("{FAE04EC0-301F-11D3-BF4B-00C04F79EFBC}") = "AlcoholMarket", "AlcoholMarket\AlcoholMarket.csproj", "{10434FC0-61CC-48BD-A87D-E2F808854ABC}"
EndProject
Project("{FAE04EC0-301F-11D3-BF4B-00C04F79EFBC}") = "ToyShop", "ToyShop\ToyShop.csproj", "{71274314-5853-474A-B6D7-15A5E3271221}"
EndProject
Project("{FAE04EC0-301F-11D3-BF4B-00C04F79EFBC}") = "ScoolCamp", "ScoolCamp\ScoolCamp.csproj", "{F712D354-1155-4CA6-820B-6EC1A614928F}"
EndProject
Project("{FAE04EC0-301F-11D3-BF4B-00C04F79EFBC}") = "FootballLeague", "FootballLeague\FootballLeague.csproj", "{D591EB52-AA76-40AA-9FDC-8B2E444F9F93}"
EndProject
Project("{FAE04EC0-301F-11D3-BF4B-00C04F79EFBC}") = "NumberGenerator", "NumberGenerator\NumberGenerator.csproj", "{FFAE0C95-CCA7-46EB-93E3-C3D4A2F5576D}"
EndProject
Project("{FAE04EC0-301F-11D3-BF4B-00C04F79EFBC}") = "Crown", "Crown\Crown.csproj", "{F0D3AFE9-D004-4468-8168-686AA05921A4}"
EndProject
Global
	GlobalSection(SolutionConfigurationPlatforms) = preSolution
		Debug|Any CPU = Debug|Any CPU
		Release|Any CPU = Release|Any CPU
	EndGlobalSection
	GlobalSection(ProjectConfigurationPlatforms) = postSolution
		{10434FC0-61CC-48BD-A87D-E2F808854ABC}.Debug|Any CPU.ActiveCfg = Debug|Any CPU
		{10434FC0-61CC-48BD-A87D-E2F808854ABC}.Debug|Any CPU.Build.0 = Debug|Any CPU
		{10434FC0-61CC-48BD-A87D-E2F808854ABC}.Release|Any CPU.ActiveCfg = Release|Any CPU
		{10434FC0-61CC-48BD-A87D-E2F808854ABC}.Release|Any CPU.Build.0 = Release|Any CPU
		{71274314-5853-474A-B6D7-15A5E3271221}.Debug|Any CPU.ActiveCfg = Debug|Any CPU
		{71274314-5853-474A-B6D7-15A5E3271221}.Debug|Any CPU.Build.0 = Debug|Any CPU
		{71274314-5853-474A-B6D7-15A5E3271221}.Release|Any CPU.ActiveCfg = Release|Any CPU
		{71274314-5853-474A-B6D7-15A5E3271221}.Release|Any CPU.Build.0 = Release|Any CPU
		{F712D354-1155-4CA6-820B-6EC1A614928F}.Debug|Any CPU.ActiveCfg = Debug|Any CPU
		{F712D354-1155-4CA6-820B-6EC1A614928F}.Debug|Any CPU.Build.0 = Debug|Any CPU
		{F712D354-1155-4CA6-820B-6EC1A614928F}.Release|Any CPU.ActiveCfg = Release|Any CPU
		{F712D354-1155-4CA6-820B-6EC1A614928F}.Release|Any CPU.Build.0 = Release|Any CPU
		{D591EB52-AA76-40AA-9FDC-8B2E444F9F93}.Debug|Any CPU.ActiveCfg = Debug|Any CPU
		{D591EB52-AA76-40AA-9FDC-8B2E444F9F93}.Debug|Any CPU.Build.0 = Debug|Any CPU
		{D591EB52-AA76-40AA-9FDC-8B2E444F9F93}.Release|Any CPU.ActiveCfg = Release|Any CPU
		{D591EB52-AA76-40AA-9FDC-8B2E444F9F93}.Release|Any CPU.Build.0 = Release|Any CPU
		{FFAE0C95-CCA7-46EB-93E3-C3D4A2F5576D}.Debug|Any CPU.ActiveCfg = Debug|Any CPU
		{FFAE0C95-CCA7-46EB-93E3-C3D4A2F5576D}.Debug|Any CPU.Build.0 = Debug|Any CPU
		{FFAE0C95-CCA7-46EB-93E3-C3D4A2F5576D}.Release|Any CPU.ActiveCfg = Release|Any CPU
		{FFAE0C95-CCA7-46EB-93E3-C3D4A2F5576D}.Release|Any CPU.Build.0 = Release|Any CPU
		{F0D3AFE9-D004-4468-8168-686AA05921A4}.Debug|Any CPU.ActiveCfg = Debug|Any CPU
		{F0D3AFE9-D004-4468-8168-686AA05921A4}.Debug|Any CPU.Build.0 = Debug|Any CPU
		{F0D3AFE9-D004-4468-8168-686AA05921A4}.Release|Any CPU.ActiveCfg = Release|Any CPU
		{F0D3AFE9-D004-4468-8168-686AA05921A4}.Release|Any CPU.Build.0 = Release|Any CPU
	EndGlobalSection
	GlobalSection(SolutionProperties) = preSolution
		HideSolutionNode = FALSE
	EndGlobalSection
EndGlobal
