
Microsoft Visual Studio Solution File, Format Version 12.00
# Visual Studio 14
VisualStudioVersion = 14.0.25420.1
MinimumVisualStudioVersion = 10.0.40219.1
Project("{FAE04EC0-301F-11D3-BF4B-00C04F79EFBC}") = "VegetableMarket", "VegetableMarket\VegetableMarket.csproj", "{54FE2825-6408-4761-9BF4-9E1227081EDC}"
EndProject
Project("{FAE04EC0-301F-11D3-BF4B-00C04F79EFBC}") = "PoolPipes", "PoolPipes\PoolPipes.csproj", "{739E1B07-2784-4B8F-AF9D-7E5CC32F459C}"
EndProject
Project("{FAE04EC0-301F-11D3-BF4B-00C04F79EFBC}") = "Trip", "Trip\Trip.csproj", "{42F6D3CC-D4D7-417E-BF28-7DABFEB7B9F9}"
EndProject
Project("{FAE04EC0-301F-11D3-BF4B-00C04F79EFBC}") = "Division", "Division\Division.csproj", "{675BBBFA-B30E-4E3F-A0C5-86427CDB43C6}"
EndProject
Project("{FAE04EC0-301F-11D3-BF4B-00C04F79EFBC}") = "Butterfly", "Butterfly\Butterfly.csproj", "{21B133CD-5A78-40AB-8852-BD78D98E17E4}"
EndProject
Project("{FAE04EC0-301F-11D3-BF4B-00C04F79EFBC}") = "MagicCombination", "MagicCombination\MagicCombination.csproj", "{2BD48F3B-FABA-469C-AD1C-AC3C6528DCA0}"
EndProject
Global
	GlobalSection(SolutionConfigurationPlatforms) = preSolution
		Debug|Any CPU = Debug|Any CPU
		Release|Any CPU = Release|Any CPU
	EndGlobalSection
	GlobalSection(ProjectConfigurationPlatforms) = postSolution
		{54FE2825-6408-4761-9BF4-9E1227081EDC}.Debug|Any CPU.ActiveCfg = Debug|Any CPU
		{54FE2825-6408-4761-9BF4-9E1227081EDC}.Debug|Any CPU.Build.0 = Debug|Any CPU
		{54FE2825-6408-4761-9BF4-9E1227081EDC}.Release|Any CPU.ActiveCfg = Release|Any CPU
		{54FE2825-6408-4761-9BF4-9E1227081EDC}.Release|Any CPU.Build.0 = Release|Any CPU
		{739E1B07-2784-4B8F-AF9D-7E5CC32F459C}.Debug|Any CPU.ActiveCfg = Debug|Any CPU
		{739E1B07-2784-4B8F-AF9D-7E5CC32F459C}.Debug|Any CPU.Build.0 = Debug|Any CPU
		{739E1B07-2784-4B8F-AF9D-7E5CC32F459C}.Release|Any CPU.ActiveCfg = Release|Any CPU
		{739E1B07-2784-4B8F-AF9D-7E5CC32F459C}.Release|Any CPU.Build.0 = Release|Any CPU
		{42F6D3CC-D4D7-417E-BF28-7DABFEB7B9F9}.Debug|Any CPU.ActiveCfg = Debug|Any CPU
		{42F6D3CC-D4D7-417E-BF28-7DABFEB7B9F9}.Debug|Any CPU.Build.0 = Debug|Any CPU
		{42F6D3CC-D4D7-417E-BF28-7DABFEB7B9F9}.Release|Any CPU.ActiveCfg = Release|Any CPU
		{42F6D3CC-D4D7-417E-BF28-7DABFEB7B9F9}.Release|Any CPU.Build.0 = Release|Any CPU
		{675BBBFA-B30E-4E3F-A0C5-86427CDB43C6}.Debug|Any CPU.ActiveCfg = Debug|Any CPU
		{675BBBFA-B30E-4E3F-A0C5-86427CDB43C6}.Debug|Any CPU.Build.0 = Debug|Any CPU
		{675BBBFA-B30E-4E3F-A0C5-86427CDB43C6}.Release|Any CPU.ActiveCfg = Release|Any CPU
		{675BBBFA-B30E-4E3F-A0C5-86427CDB43C6}.Release|Any CPU.Build.0 = Release|Any CPU
		{21B133CD-5A78-40AB-8852-BD78D98E17E4}.Debug|Any CPU.ActiveCfg = Debug|Any CPU
		{21B133CD-5A78-40AB-8852-BD78D98E17E4}.Debug|Any CPU.Build.0 = Debug|Any CPU
		{21B133CD-5A78-40AB-8852-BD78D98E17E4}.Release|Any CPU.ActiveCfg = Release|Any CPU
		{21B133CD-5A78-40AB-8852-BD78D98E17E4}.Release|Any CPU.Build.0 = Release|Any CPU
		{2BD48F3B-FABA-469C-AD1C-AC3C6528DCA0}.Debug|Any CPU.ActiveCfg = Debug|Any CPU
		{2BD48F3B-FABA-469C-AD1C-AC3C6528DCA0}.Debug|Any CPU.Build.0 = Debug|Any CPU
		{2BD48F3B-FABA-469C-AD1C-AC3C6528DCA0}.Release|Any CPU.ActiveCfg = Release|Any CPU
		{2BD48F3B-FABA-469C-AD1C-AC3C6528DCA0}.Release|Any CPU.Build.0 = Release|Any CPU
	EndGlobalSection
	GlobalSection(SolutionProperties) = preSolution
		HideSolutionNode = FALSE
	EndGlobalSection
EndGlobal
