
Microsoft Visual Studio Solution File, Format Version 12.00
# Visual Studio 14
VisualStudioVersion = 14.0.25420.1
MinimumVisualStudioVersion = 10.0.40219.1
Project("{FAE04EC0-301F-11D3-BF4B-00C04F79EFBC}") = "ReparingTheTiles", "ReparingTheTiles\ReparingTheTiles.csproj", "{8546DC7A-C305-41FA-9CB7-53ACC1B7CA9A}"
EndProject
Project("{FAE04EC0-301F-11D3-BF4B-00C04F79EFBC}") = "SleepyTomCat", "SleepyTomCat\SleepyTomCat.csproj", "{7BD8C330-0F74-4556-A49C-5264F7D8C089}"
EndProject
Project("{FAE04EC0-301F-11D3-BF4B-00C04F79EFBC}") = "Operations", "Operations\Operations.csproj", "{B6F89F4B-9485-465D-A5F8-8A2804E5FF93}"
EndProject
Project("{FAE04EC0-301F-11D3-BF4B-00C04F79EFBC}") = "SmartLilly", "SmartLilly\SmartLilly.csproj", "{3524F954-2C1D-46D7-AC67-10823C940CD6}"
EndProject
Project("{FAE04EC0-301F-11D3-BF4B-00C04F79EFBC}") = "Stop", "Stop\Stop.csproj", "{1A0B00A4-C7E9-4F9E-8267-791B679B6510}"
EndProject
Project("{FAE04EC0-301F-11D3-BF4B-00C04F79EFBC}") = "SpecialNumbers", "SpecialNumbers\SpecialNumbers.csproj", "{DAF953B7-8386-4857-8AC0-FF78D0806BAE}"
EndProject
Global
	GlobalSection(SolutionConfigurationPlatforms) = preSolution
		Debug|Any CPU = Debug|Any CPU
		Release|Any CPU = Release|Any CPU
	EndGlobalSection
	GlobalSection(ProjectConfigurationPlatforms) = postSolution
		{8546DC7A-C305-41FA-9CB7-53ACC1B7CA9A}.Debug|Any CPU.ActiveCfg = Debug|Any CPU
		{8546DC7A-C305-41FA-9CB7-53ACC1B7CA9A}.Debug|Any CPU.Build.0 = Debug|Any CPU
		{8546DC7A-C305-41FA-9CB7-53ACC1B7CA9A}.Release|Any CPU.ActiveCfg = Release|Any CPU
		{8546DC7A-C305-41FA-9CB7-53ACC1B7CA9A}.Release|Any CPU.Build.0 = Release|Any CPU
		{7BD8C330-0F74-4556-A49C-5264F7D8C089}.Debug|Any CPU.ActiveCfg = Debug|Any CPU
		{7BD8C330-0F74-4556-A49C-5264F7D8C089}.Debug|Any CPU.Build.0 = Debug|Any CPU
		{7BD8C330-0F74-4556-A49C-5264F7D8C089}.Release|Any CPU.ActiveCfg = Release|Any CPU
		{7BD8C330-0F74-4556-A49C-5264F7D8C089}.Release|Any CPU.Build.0 = Release|Any CPU
		{B6F89F4B-9485-465D-A5F8-8A2804E5FF93}.Debug|Any CPU.ActiveCfg = Debug|Any CPU
		{B6F89F4B-9485-465D-A5F8-8A2804E5FF93}.Debug|Any CPU.Build.0 = Debug|Any CPU
		{B6F89F4B-9485-465D-A5F8-8A2804E5FF93}.Release|Any CPU.ActiveCfg = Release|Any CPU
		{B6F89F4B-9485-465D-A5F8-8A2804E5FF93}.Release|Any CPU.Build.0 = Release|Any CPU
		{3524F954-2C1D-46D7-AC67-10823C940CD6}.Debug|Any CPU.ActiveCfg = Debug|Any CPU
		{3524F954-2C1D-46D7-AC67-10823C940CD6}.Debug|Any CPU.Build.0 = Debug|Any CPU
		{3524F954-2C1D-46D7-AC67-10823C940CD6}.Release|Any CPU.ActiveCfg = Release|Any CPU
		{3524F954-2C1D-46D7-AC67-10823C940CD6}.Release|Any CPU.Build.0 = Release|Any CPU
		{1A0B00A4-C7E9-4F9E-8267-791B679B6510}.Debug|Any CPU.ActiveCfg = Debug|Any CPU
		{1A0B00A4-C7E9-4F9E-8267-791B679B6510}.Debug|Any CPU.Build.0 = Debug|Any CPU
		{1A0B00A4-C7E9-4F9E-8267-791B679B6510}.Release|Any CPU.ActiveCfg = Release|Any CPU
		{1A0B00A4-C7E9-4F9E-8267-791B679B6510}.Release|Any CPU.Build.0 = Release|Any CPU
		{DAF953B7-8386-4857-8AC0-FF78D0806BAE}.Debug|Any CPU.ActiveCfg = Debug|Any CPU
		{DAF953B7-8386-4857-8AC0-FF78D0806BAE}.Debug|Any CPU.Build.0 = Debug|Any CPU
		{DAF953B7-8386-4857-8AC0-FF78D0806BAE}.Release|Any CPU.ActiveCfg = Release|Any CPU
		{DAF953B7-8386-4857-8AC0-FF78D0806BAE}.Release|Any CPU.Build.0 = Release|Any CPU
	EndGlobalSection
	GlobalSection(SolutionProperties) = preSolution
		HideSolutionNode = FALSE
	EndGlobalSection
EndGlobal
