
Microsoft Visual Studio Solution File, Format Version 12.00
# Visual Studio 14
VisualStudioVersion = 14.0.25420.1
MinimumVisualStudioVersion = 10.0.40219.1
Project("{FAE04EC0-301F-11D3-BF4B-00C04F79EFBC}") = "Distance", "Distance\Distance.csproj", "{93569FEE-2B69-43C0-B9A1-C5E9E2EB5FE0}"
EndProject
Project("{FAE04EC0-301F-11D3-BF4B-00C04F79EFBC}") = "ChangeTiles", "ChangeTiles\ChangeTiles.csproj", "{BB00A9C7-0509-424D-B3DA-962706EC6885}"
EndProject
Project("{FAE04EC0-301F-11D3-BF4B-00C04F79EFBC}") = "Flowers", "Flowers\Flowers.csproj", "{9D70A9DA-8FCD-4F7B-94FC-889E93C20DA4}"
EndProject
Project("{FAE04EC0-301F-11D3-BF4B-00C04F79EFBC}") = "Grades", "Grades\Grades.csproj", "{B066EDF5-E024-4CB0-8CC8-30D8954442DD}"
EndProject
Project("{FAE04EC0-301F-11D3-BF4B-00C04F79EFBC}") = "ChristmasHat", "ChristmasHat\ChristmasHat.csproj", "{B8179EC4-EE46-4D99-9B40-84EC4B32B01E}"
EndProject
Project("{FAE04EC0-301F-11D3-BF4B-00C04F79EFBC}") = "LettersCombinations", "LettersCombinations\LettersCombinations.csproj", "{A5D1E48A-B0BF-4D36-9316-102307589512}"
EndProject
Global
	GlobalSection(SolutionConfigurationPlatforms) = preSolution
		Debug|Any CPU = Debug|Any CPU
		Release|Any CPU = Release|Any CPU
	EndGlobalSection
	GlobalSection(ProjectConfigurationPlatforms) = postSolution
		{93569FEE-2B69-43C0-B9A1-C5E9E2EB5FE0}.Debug|Any CPU.ActiveCfg = Debug|Any CPU
		{93569FEE-2B69-43C0-B9A1-C5E9E2EB5FE0}.Debug|Any CPU.Build.0 = Debug|Any CPU
		{93569FEE-2B69-43C0-B9A1-C5E9E2EB5FE0}.Release|Any CPU.ActiveCfg = Release|Any CPU
		{93569FEE-2B69-43C0-B9A1-C5E9E2EB5FE0}.Release|Any CPU.Build.0 = Release|Any CPU
		{BB00A9C7-0509-424D-B3DA-962706EC6885}.Debug|Any CPU.ActiveCfg = Debug|Any CPU
		{BB00A9C7-0509-424D-B3DA-962706EC6885}.Debug|Any CPU.Build.0 = Debug|Any CPU
		{BB00A9C7-0509-424D-B3DA-962706EC6885}.Release|Any CPU.ActiveCfg = Release|Any CPU
		{BB00A9C7-0509-424D-B3DA-962706EC6885}.Release|Any CPU.Build.0 = Release|Any CPU
		{9D70A9DA-8FCD-4F7B-94FC-889E93C20DA4}.Debug|Any CPU.ActiveCfg = Debug|Any CPU
		{9D70A9DA-8FCD-4F7B-94FC-889E93C20DA4}.Debug|Any CPU.Build.0 = Debug|Any CPU
		{9D70A9DA-8FCD-4F7B-94FC-889E93C20DA4}.Release|Any CPU.ActiveCfg = Release|Any CPU
		{9D70A9DA-8FCD-4F7B-94FC-889E93C20DA4}.Release|Any CPU.Build.0 = Release|Any CPU
		{B066EDF5-E024-4CB0-8CC8-30D8954442DD}.Debug|Any CPU.ActiveCfg = Debug|Any CPU
		{B066EDF5-E024-4CB0-8CC8-30D8954442DD}.Debug|Any CPU.Build.0 = Debug|Any CPU
		{B066EDF5-E024-4CB0-8CC8-30D8954442DD}.Release|Any CPU.ActiveCfg = Release|Any CPU
		{B066EDF5-E024-4CB0-8CC8-30D8954442DD}.Release|Any CPU.Build.0 = Release|Any CPU
		{B8179EC4-EE46-4D99-9B40-84EC4B32B01E}.Debug|Any CPU.ActiveCfg = Debug|Any CPU
		{B8179EC4-EE46-4D99-9B40-84EC4B32B01E}.Debug|Any CPU.Build.0 = Debug|Any CPU
		{B8179EC4-EE46-4D99-9B40-84EC4B32B01E}.Release|Any CPU.ActiveCfg = Release|Any CPU
		{B8179EC4-EE46-4D99-9B40-84EC4B32B01E}.Release|Any CPU.Build.0 = Release|Any CPU
		{A5D1E48A-B0BF-4D36-9316-102307589512}.Debug|Any CPU.ActiveCfg = Debug|Any CPU
		{A5D1E48A-B0BF-4D36-9316-102307589512}.Debug|Any CPU.Build.0 = Debug|Any CPU
		{A5D1E48A-B0BF-4D36-9316-102307589512}.Release|Any CPU.ActiveCfg = Release|Any CPU
		{A5D1E48A-B0BF-4D36-9316-102307589512}.Release|Any CPU.Build.0 = Release|Any CPU
	EndGlobalSection
	GlobalSection(SolutionProperties) = preSolution
		HideSolutionNode = FALSE
	EndGlobalSection
EndGlobal
