
Microsoft Visual Studio Solution File, Format Version 12.00
# Visual Studio 14
VisualStudioVersion = 14.0.25420.1
MinimumVisualStudioVersion = 10.0.40219.1
Project("{FAE04EC0-301F-11D3-BF4B-00C04F79EFBC}") = "Greeting", "Greeting\Greeting.csproj", "{1371EABF-FFBC-4450-90C2-58B67FB4BCE4}"
EndProject
Project("{FAE04EC0-301F-11D3-BF4B-00C04F79EFBC}") = "AddTwoNumbers", "AddTwoNumbers\AddTwoNumbers.csproj", "{202D3CDD-9811-416E-AC87-6F6F3D8DF39E}"
EndProject
Project("{FAE04EC0-301F-11D3-BF4B-00C04F79EFBC}") = "EmployeeData", "EmployeeData\EmployeeData.csproj", "{B473850F-9D0C-45B2-A201-EC979495A026}"
EndProject
Global
	GlobalSection(SolutionConfigurationPlatforms) = preSolution
		Debug|Any CPU = Debug|Any CPU
		Release|Any CPU = Release|Any CPU
	EndGlobalSection
	GlobalSection(ProjectConfigurationPlatforms) = postSolution
		{1371EABF-FFBC-4450-90C2-58B67FB4BCE4}.Debug|Any CPU.ActiveCfg = Debug|Any CPU
		{1371EABF-FFBC-4450-90C2-58B67FB4BCE4}.Debug|Any CPU.Build.0 = Debug|Any CPU
		{1371EABF-FFBC-4450-90C2-58B67FB4BCE4}.Release|Any CPU.ActiveCfg = Release|Any CPU
		{1371EABF-FFBC-4450-90C2-58B67FB4BCE4}.Release|Any CPU.Build.0 = Release|Any CPU
		{202D3CDD-9811-416E-AC87-6F6F3D8DF39E}.Debug|Any CPU.ActiveCfg = Debug|Any CPU
		{202D3CDD-9811-416E-AC87-6F6F3D8DF39E}.Debug|Any CPU.Build.0 = Debug|Any CPU
		{202D3CDD-9811-416E-AC87-6F6F3D8DF39E}.Release|Any CPU.ActiveCfg = Release|Any CPU
		{202D3CDD-9811-416E-AC87-6F6F3D8DF39E}.Release|Any CPU.Build.0 = Release|Any CPU
		{B473850F-9D0C-45B2-A201-EC979495A026}.Debug|Any CPU.ActiveCfg = Debug|Any CPU
		{B473850F-9D0C-45B2-A201-EC979495A026}.Debug|Any CPU.Build.0 = Debug|Any CPU
		{B473850F-9D0C-45B2-A201-EC979495A026}.Release|Any CPU.ActiveCfg = Release|Any CPU
		{B473850F-9D0C-45B2-A201-EC979495A026}.Release|Any CPU.Build.0 = Release|Any CPU
	EndGlobalSection
	GlobalSection(SolutionProperties) = preSolution
		HideSolutionNode = FALSE
	EndGlobalSection
EndGlobal
