
Microsoft Visual Studio Solution File, Format Version 12.00
# Visual Studio 14
VisualStudioVersion = 14.0.25420.1
MinimumVisualStudioVersion = 10.0.40219.1
Project("{FAE04EC0-301F-11D3-BF4B-00C04F79EFBC}") = "HousePrice", "HousePrice\HousePrice.csproj", "{AFDCFC96-67C0-4BBB-A2FF-FE0F10323109}"
EndProject
Project("{FAE04EC0-301F-11D3-BF4B-00C04F79EFBC}") = "FlowerShop", "FlowerShop\FlowerShop.csproj", "{998427D2-D2B9-4254-ABB2-08DEF760E573}"
EndProject
Project("{FAE04EC0-301F-11D3-BF4B-00C04F79EFBC}") = "BikeRace", "BikeRace\BikeRace.csproj", "{E7B87178-293F-43F8-A628-34550361B3DA}"
EndProject
Project("{FAE04EC0-301F-11D3-BF4B-00C04F79EFBC}") = "Logistics", "Logistics\Logistics.csproj", "{7BD83E21-22A0-45D1-98BB-C260CE96F073}"
EndProject
Project("{FAE04EC0-301F-11D3-BF4B-00C04F79EFBC}") = "Rocket", "Rocket\Rocket.csproj", "{98D1E548-7297-431D-9D88-B1C4D988CF6A}"
EndProject
Project("{FAE04EC0-301F-11D3-BF4B-00C04F79EFBC}") = "MaxCombination", "MaxCombination\MaxCombination.csproj", "{11286A6C-002E-4852-A47E-F7E3EBE78735}"
EndProject
Global
	GlobalSection(SolutionConfigurationPlatforms) = preSolution
		Debug|Any CPU = Debug|Any CPU
		Release|Any CPU = Release|Any CPU
	EndGlobalSection
	GlobalSection(ProjectConfigurationPlatforms) = postSolution
		{AFDCFC96-67C0-4BBB-A2FF-FE0F10323109}.Debug|Any CPU.ActiveCfg = Debug|Any CPU
		{AFDCFC96-67C0-4BBB-A2FF-FE0F10323109}.Debug|Any CPU.Build.0 = Debug|Any CPU
		{AFDCFC96-67C0-4BBB-A2FF-FE0F10323109}.Release|Any CPU.ActiveCfg = Release|Any CPU
		{AFDCFC96-67C0-4BBB-A2FF-FE0F10323109}.Release|Any CPU.Build.0 = Release|Any CPU
		{998427D2-D2B9-4254-ABB2-08DEF760E573}.Debug|Any CPU.ActiveCfg = Debug|Any CPU
		{998427D2-D2B9-4254-ABB2-08DEF760E573}.Debug|Any CPU.Build.0 = Debug|Any CPU
		{998427D2-D2B9-4254-ABB2-08DEF760E573}.Release|Any CPU.ActiveCfg = Release|Any CPU
		{998427D2-D2B9-4254-ABB2-08DEF760E573}.Release|Any CPU.Build.0 = Release|Any CPU
		{E7B87178-293F-43F8-A628-34550361B3DA}.Debug|Any CPU.ActiveCfg = Debug|Any CPU
		{E7B87178-293F-43F8-A628-34550361B3DA}.Debug|Any CPU.Build.0 = Debug|Any CPU
		{E7B87178-293F-43F8-A628-34550361B3DA}.Release|Any CPU.ActiveCfg = Release|Any CPU
		{E7B87178-293F-43F8-A628-34550361B3DA}.Release|Any CPU.Build.0 = Release|Any CPU
		{7BD83E21-22A0-45D1-98BB-C260CE96F073}.Debug|Any CPU.ActiveCfg = Debug|Any CPU
		{7BD83E21-22A0-45D1-98BB-C260CE96F073}.Debug|Any CPU.Build.0 = Debug|Any CPU
		{7BD83E21-22A0-45D1-98BB-C260CE96F073}.Release|Any CPU.ActiveCfg = Release|Any CPU
		{7BD83E21-22A0-45D1-98BB-C260CE96F073}.Release|Any CPU.Build.0 = Release|Any CPU
		{98D1E548-7297-431D-9D88-B1C4D988CF6A}.Debug|Any CPU.ActiveCfg = Debug|Any CPU
		{98D1E548-7297-431D-9D88-B1C4D988CF6A}.Debug|Any CPU.Build.0 = Debug|Any CPU
		{98D1E548-7297-431D-9D88-B1C4D988CF6A}.Release|Any CPU.ActiveCfg = Release|Any CPU
		{98D1E548-7297-431D-9D88-B1C4D988CF6A}.Release|Any CPU.Build.0 = Release|Any CPU
		{11286A6C-002E-4852-A47E-F7E3EBE78735}.Debug|Any CPU.ActiveCfg = Debug|Any CPU
		{11286A6C-002E-4852-A47E-F7E3EBE78735}.Debug|Any CPU.Build.0 = Debug|Any CPU
		{11286A6C-002E-4852-A47E-F7E3EBE78735}.Release|Any CPU.ActiveCfg = Release|Any CPU
		{11286A6C-002E-4852-A47E-F7E3EBE78735}.Release|Any CPU.Build.0 = Release|Any CPU
	EndGlobalSection
	GlobalSection(SolutionProperties) = preSolution
		HideSolutionNode = FALSE
	EndGlobalSection
EndGlobal
