
Microsoft Visual Studio Solution File, Format Version 12.00
# Visual Studio 14
VisualStudioVersion = 14.0.25420.1
MinimumVisualStudioVersion = 10.0.40219.1
Project("{FAE04EC0-301F-11D3-BF4B-00C04F79EFBC}") = "CharityCampaign", "CharityCampaign\CharityCampaign.csproj", "{7BF54754-CCEC-46B5-936C-752196868EF1}"
EndProject
Project("{FAE04EC0-301F-11D3-BF4B-00C04F79EFBC}") = "WorldRecordOfSwimming", "WorldRecordOfSwimming\WorldRecordOfSwimming.csproj", "{C63C8E66-A517-4501-B1BD-1647559B5DE1}"
EndProject
Project("{FAE04EC0-301F-11D3-BF4B-00C04F79EFBC}") = "FruitCoctails", "FruitCoctails\FruitCoctails.csproj", "{41EB91D7-0FA6-4C1F-A004-8E2905BDE04F}"
EndProject
Project("{FAE04EC0-301F-11D3-BF4B-00C04F79EFBC}") = "MoneyPrize", "MoneyPrize\MoneyPrize.csproj", "{F22885BA-D23A-4979-A387-833CC993CEB8}"
EndProject
Project("{FAE04EC0-301F-11D3-BF4B-00C04F79EFBC}") = "sumOrWork", "sumOrWork\sumOrWork.csproj", "{FBB0F1CA-3C28-4749-A83B-FF15F5745A43}"
EndProject
Project("{FAE04EC0-301F-11D3-BF4B-00C04F79EFBC}") = "Triangle", "Triangle\Triangle.csproj", "{82E9E02B-C604-4660-914F-96E1B7A24DEF}"
EndProject
Global
	GlobalSection(SolutionConfigurationPlatforms) = preSolution
		Debug|Any CPU = Debug|Any CPU
		Release|Any CPU = Release|Any CPU
	EndGlobalSection
	GlobalSection(ProjectConfigurationPlatforms) = postSolution
		{7BF54754-CCEC-46B5-936C-752196868EF1}.Debug|Any CPU.ActiveCfg = Debug|Any CPU
		{7BF54754-CCEC-46B5-936C-752196868EF1}.Debug|Any CPU.Build.0 = Debug|Any CPU
		{7BF54754-CCEC-46B5-936C-752196868EF1}.Release|Any CPU.ActiveCfg = Release|Any CPU
		{7BF54754-CCEC-46B5-936C-752196868EF1}.Release|Any CPU.Build.0 = Release|Any CPU
		{C63C8E66-A517-4501-B1BD-1647559B5DE1}.Debug|Any CPU.ActiveCfg = Debug|Any CPU
		{C63C8E66-A517-4501-B1BD-1647559B5DE1}.Debug|Any CPU.Build.0 = Debug|Any CPU
		{C63C8E66-A517-4501-B1BD-1647559B5DE1}.Release|Any CPU.ActiveCfg = Release|Any CPU
		{C63C8E66-A517-4501-B1BD-1647559B5DE1}.Release|Any CPU.Build.0 = Release|Any CPU
		{41EB91D7-0FA6-4C1F-A004-8E2905BDE04F}.Debug|Any CPU.ActiveCfg = Debug|Any CPU
		{41EB91D7-0FA6-4C1F-A004-8E2905BDE04F}.Debug|Any CPU.Build.0 = Debug|Any CPU
		{41EB91D7-0FA6-4C1F-A004-8E2905BDE04F}.Release|Any CPU.ActiveCfg = Release|Any CPU
		{41EB91D7-0FA6-4C1F-A004-8E2905BDE04F}.Release|Any CPU.Build.0 = Release|Any CPU
		{F22885BA-D23A-4979-A387-833CC993CEB8}.Debug|Any CPU.ActiveCfg = Debug|Any CPU
		{F22885BA-D23A-4979-A387-833CC993CEB8}.Debug|Any CPU.Build.0 = Debug|Any CPU
		{F22885BA-D23A-4979-A387-833CC993CEB8}.Release|Any CPU.ActiveCfg = Release|Any CPU
		{F22885BA-D23A-4979-A387-833CC993CEB8}.Release|Any CPU.Build.0 = Release|Any CPU
		{FBB0F1CA-3C28-4749-A83B-FF15F5745A43}.Debug|Any CPU.ActiveCfg = Debug|Any CPU
		{FBB0F1CA-3C28-4749-A83B-FF15F5745A43}.Debug|Any CPU.Build.0 = Debug|Any CPU
		{FBB0F1CA-3C28-4749-A83B-FF15F5745A43}.Release|Any CPU.ActiveCfg = Release|Any CPU
		{FBB0F1CA-3C28-4749-A83B-FF15F5745A43}.Release|Any CPU.Build.0 = Release|Any CPU
		{82E9E02B-C604-4660-914F-96E1B7A24DEF}.Debug|Any CPU.ActiveCfg = Debug|Any CPU
		{82E9E02B-C604-4660-914F-96E1B7A24DEF}.Debug|Any CPU.Build.0 = Debug|Any CPU
		{82E9E02B-C604-4660-914F-96E1B7A24DEF}.Release|Any CPU.ActiveCfg = Release|Any CPU
		{82E9E02B-C604-4660-914F-96E1B7A24DEF}.Release|Any CPU.Build.0 = Release|Any CPU
	EndGlobalSection
	GlobalSection(SolutionProperties) = preSolution
		HideSolutionNode = FALSE
	EndGlobalSection
EndGlobal
