
Microsoft Visual Studio Solution File, Format Version 12.00
# Visual Studio 14
VisualStudioVersion = 14.0.25420.1
MinimumVisualStudioVersion = 10.0.40219.1
Project("{FAE04EC0-301F-11D3-BF4B-00C04F79EFBC}") = "ProspectInHospitality", "ProspectInHospitality\ProspectInHospitality.csproj", "{DA0DED87-00E8-42EB-A7AA-331908B5746C}"
EndProject
Project("{FAE04EC0-301F-11D3-BF4B-00C04F79EFBC}") = "SudokuResults", "SudokuResults\SudokuResults.csproj", "{88322267-6492-469F-A8D6-CA2750599828}"
EndProject
Project("{FAE04EC0-301F-11D3-BF4B-00C04F79EFBC}") = "LocalElections", "LocalElections\LocalElections.csproj", "{E93F6440-CF8B-4500-B6BD-51EE0F2A297B}"
EndProject
Project("{FAE04EC0-301F-11D3-BF4B-00C04F79EFBC}") = "PerfectGirlfriend", "PerfectGirlfriend\PerfectGirlfriend.csproj", "{AE41E4A3-D143-48BE-8B44-154746F9063F}"
EndProject
Project("{FAE04EC0-301F-11D3-BF4B-00C04F79EFBC}") = "ShuffleBits", "ShuffleBits\ShuffleBits.csproj", "{1AF5F2C9-6D76-449C-989B-4F1346FC9A4F}"
EndProject
Global
	GlobalSection(SolutionConfigurationPlatforms) = preSolution
		Debug|Any CPU = Debug|Any CPU
		Release|Any CPU = Release|Any CPU
	EndGlobalSection
	GlobalSection(ProjectConfigurationPlatforms) = postSolution
		{DA0DED87-00E8-42EB-A7AA-331908B5746C}.Debug|Any CPU.ActiveCfg = Debug|Any CPU
		{DA0DED87-00E8-42EB-A7AA-331908B5746C}.Debug|Any CPU.Build.0 = Debug|Any CPU
		{DA0DED87-00E8-42EB-A7AA-331908B5746C}.Release|Any CPU.ActiveCfg = Release|Any CPU
		{DA0DED87-00E8-42EB-A7AA-331908B5746C}.Release|Any CPU.Build.0 = Release|Any CPU
		{88322267-6492-469F-A8D6-CA2750599828}.Debug|Any CPU.ActiveCfg = Debug|Any CPU
		{88322267-6492-469F-A8D6-CA2750599828}.Debug|Any CPU.Build.0 = Debug|Any CPU
		{88322267-6492-469F-A8D6-CA2750599828}.Release|Any CPU.ActiveCfg = Release|Any CPU
		{88322267-6492-469F-A8D6-CA2750599828}.Release|Any CPU.Build.0 = Release|Any CPU
		{E93F6440-CF8B-4500-B6BD-51EE0F2A297B}.Debug|Any CPU.ActiveCfg = Debug|Any CPU
		{E93F6440-CF8B-4500-B6BD-51EE0F2A297B}.Debug|Any CPU.Build.0 = Debug|Any CPU
		{E93F6440-CF8B-4500-B6BD-51EE0F2A297B}.Release|Any CPU.ActiveCfg = Release|Any CPU
		{E93F6440-CF8B-4500-B6BD-51EE0F2A297B}.Release|Any CPU.Build.0 = Release|Any CPU
		{AE41E4A3-D143-48BE-8B44-154746F9063F}.Debug|Any CPU.ActiveCfg = Debug|Any CPU
		{AE41E4A3-D143-48BE-8B44-154746F9063F}.Debug|Any CPU.Build.0 = Debug|Any CPU
		{AE41E4A3-D143-48BE-8B44-154746F9063F}.Release|Any CPU.ActiveCfg = Release|Any CPU
		{AE41E4A3-D143-48BE-8B44-154746F9063F}.Release|Any CPU.Build.0 = Release|Any CPU
		{1AF5F2C9-6D76-449C-989B-4F1346FC9A4F}.Debug|Any CPU.ActiveCfg = Debug|Any CPU
		{1AF5F2C9-6D76-449C-989B-4F1346FC9A4F}.Debug|Any CPU.Build.0 = Debug|Any CPU
		{1AF5F2C9-6D76-449C-989B-4F1346FC9A4F}.Release|Any CPU.ActiveCfg = Release|Any CPU
		{1AF5F2C9-6D76-449C-989B-4F1346FC9A4F}.Release|Any CPU.Build.0 = Release|Any CPU
	EndGlobalSection
	GlobalSection(SolutionProperties) = preSolution
		HideSolutionNode = FALSE
	EndGlobalSection
EndGlobal
